
Microsoft Visual Studio Solution File, Format Version 12.00
# Visual Studio 14
VisualStudioVersion = 14.0.25420.1
MinimumVisualStudioVersion = 10.0.40219.1
Project("{FAE04EC0-301F-11D3-BF4B-00C04F79EFBC}") = "HangfireDemo", "HangfireDemo\HangfireDemo.csproj", "{4DF55AF4-B145-4548-A40A-BBDA08235842}"
EndProject
Project("{FAE04EC0-301F-11D3-BF4B-00C04F79EFBC}") = "HangfireConsoleDemo", "HangfireConsoleDemo\HangfireConsoleDemo.csproj", "{E0050B69-3EA0-4EE2-8EF1-3E90C91C385A}"
EndProject
Project("{FAE04EC0-301F-11D3-BF4B-00C04F79EFBC}") = "Hangfire.RecurringJobExtensions", "Hangfire.RecurringJobExtensions\Hangfire.RecurringJobExtensions.csproj", "{F6465EA3-0BBA-4A52-9FD1-86E6DCDB31B7}"
EndProject
Global
	GlobalSection(SolutionConfigurationPlatforms) = preSolution
		Debug|Any CPU = Debug|Any CPU
		Release|Any CPU = Release|Any CPU
	EndGlobalSection
	GlobalSection(ProjectConfigurationPlatforms) = postSolution
		{4DF55AF4-B145-4548-A40A-BBDA08235842}.Debug|Any CPU.ActiveCfg = Debug|Any CPU
		{4DF55AF4-B145-4548-A40A-BBDA08235842}.Debug|Any CPU.Build.0 = Debug|Any CPU
		{4DF55AF4-B145-4548-A40A-BBDA08235842}.Release|Any CPU.ActiveCfg = Release|Any CPU
		{4DF55AF4-B145-4548-A40A-BBDA08235842}.Release|Any CPU.Build.0 = Release|Any CPU
		{E0050B69-3EA0-4EE2-8EF1-3E90C91C385A}.Debug|Any CPU.ActiveCfg = Debug|Any CPU
		{E0050B69-3EA0-4EE2-8EF1-3E90C91C385A}.Debug|Any CPU.Build.0 = Debug|Any CPU
		{E0050B69-3EA0-4EE2-8EF1-3E90C91C385A}.Release|Any CPU.ActiveCfg = Release|Any CPU
		{E0050B69-3EA0-4EE2-8EF1-3E90C91C385A}.Release|Any CPU.Build.0 = Release|Any CPU
		{F6465EA3-0BBA-4A52-9FD1-86E6DCDB31B7}.Debug|Any CPU.ActiveCfg = Debug|Any CPU
		{F6465EA3-0BBA-4A52-9FD1-86E6DCDB31B7}.Debug|Any CPU.Build.0 = Debug|Any CPU
		{F6465EA3-0BBA-4A52-9FD1-86E6DCDB31B7}.Release|Any CPU.ActiveCfg = Release|Any CPU
		{F6465EA3-0BBA-4A52-9FD1-86E6DCDB31B7}.Release|Any CPU.Build.0 = Release|Any CPU
	EndGlobalSection
	GlobalSection(SolutionProperties) = preSolution
		HideSolutionNode = FALSE
	EndGlobalSection
EndGlobal
